
Microsoft Visual Studio Solution File, Format Version 12.00
# Visual Studio 15
VisualStudioVersion = 15.0.27703.2026
MinimumVisualStudioVersion = 10.0.40219.1
Project("{9A19103F-16F7-4668-BE54-9A1E7A4F7556}") = "Isracard", "Isracard.csproj", "{38277140-4550-4EDE-B795-8990B57679AD}"
EndProject
Global
	GlobalSection(SolutionConfigurationPlatforms) = preSolution
		Debug|Any CPU = Debug|Any CPU
		Release|Any CPU = Release|Any CPU
	EndGlobalSection
	GlobalSection(ProjectConfigurationPlatforms) = postSolution
		{38277140-4550-4EDE-B795-8990B57679AD}.Debug|Any CPU.ActiveCfg = Debug|Any CPU
		{38277140-4550-4EDE-B795-8990B57679AD}.Debug|Any CPU.Build.0 = Debug|Any CPU
		{38277140-4550-4EDE-B795-8990B57679AD}.Release|Any CPU.ActiveCfg = Release|Any CPU
		{38277140-4550-4EDE-B795-8990B57679AD}.Release|Any CPU.Build.0 = Release|Any CPU
	EndGlobalSection
	GlobalSection(SolutionProperties) = preSolution
		HideSolutionNode = FALSE
	EndGlobalSection
	GlobalSection(ExtensibilityGlobals) = postSolution
		SolutionGuid = {7CC9D917-0F47-45F2-AA39-BE3B32269EFA}
	EndGlobalSection
EndGlobal
